
Microsoft Visual Studio Solution File, Format Version 12.00
# Visual Studio Version 16
VisualStudioVersion = 16.0.30717.126
MinimumVisualStudioVersion = 10.0.40219.1
Project("{9092AA53-FB77-4645-B42D-1CCCA6BD08BD}") = "LearnReact", "LearnReact.njsproj", "{87C9678A-E55E-4090-8C68-3FB5BDA0E12D}"
EndProject
Global
	GlobalSection(SolutionConfigurationPlatforms) = preSolution
		Debug|Any CPU = Debug|Any CPU
		Release|Any CPU = Release|Any CPU
	EndGlobalSection
	GlobalSection(ProjectConfigurationPlatforms) = postSolution
		{87C9678A-E55E-4090-8C68-3FB5BDA0E12D}.Debug|Any CPU.ActiveCfg = Debug|Any CPU
		{87C9678A-E55E-4090-8C68-3FB5BDA0E12D}.Debug|Any CPU.Build.0 = Debug|Any CPU
		{87C9678A-E55E-4090-8C68-3FB5BDA0E12D}.Release|Any CPU.ActiveCfg = Release|Any CPU
		{87C9678A-E55E-4090-8C68-3FB5BDA0E12D}.Release|Any CPU.Build.0 = Release|Any CPU
	EndGlobalSection
	GlobalSection(SolutionProperties) = preSolution
		HideSolutionNode = FALSE
	EndGlobalSection
	GlobalSection(ExtensibilityGlobals) = postSolution
		SolutionGuid = {A5A14002-CC7C-4F34-8CBA-8122B883F677}
	EndGlobalSection
EndGlobal
