
Microsoft Visual Studio Solution File, Format Version 12.00
# Visual Studio Version 16
VisualStudioVersion = 16.0.30225.117
MinimumVisualStudioVersion = 10.0.40219.1
Project("{FAE04EC0-301F-11D3-BF4B-00C04F79EFBC}") = "LearnJS", "LearnJS.csproj", "{7D1BC235-0B9B-4AF4-B4D3-098BE623B3B3}"
EndProject
Global
	GlobalSection(SolutionConfigurationPlatforms) = preSolution
		Debug|Any CPU = Debug|Any CPU
		Release|Any CPU = Release|Any CPU
	EndGlobalSection
	GlobalSection(ProjectConfigurationPlatforms) = postSolution
		{7D1BC235-0B9B-4AF4-B4D3-098BE623B3B3}.Debug|Any CPU.ActiveCfg = Debug|Any CPU
		{7D1BC235-0B9B-4AF4-B4D3-098BE623B3B3}.Debug|Any CPU.Build.0 = Debug|Any CPU
		{7D1BC235-0B9B-4AF4-B4D3-098BE623B3B3}.Release|Any CPU.ActiveCfg = Release|Any CPU
		{7D1BC235-0B9B-4AF4-B4D3-098BE623B3B3}.Release|Any CPU.Build.0 = Release|Any CPU
	EndGlobalSection
	GlobalSection(SolutionProperties) = preSolution
		HideSolutionNode = FALSE
	EndGlobalSection
	GlobalSection(ExtensibilityGlobals) = postSolution
		SolutionGuid = {A96C217B-25B7-4113-95E1-1B92B1642852}
	EndGlobalSection
EndGlobal
